name: Sync pnpm-lock.yaml

on:
  pull_request:
    paths:
      - "pnpm-workspace.yaml"
    types:
      - opened
      - synchronize
      - reopened
      - labeled

env:
  RENOVATE_TESTER_DIRECTORY: tools/renovate-tester

jobs:
  sync:
    if: >-
      startsWith(github.head_ref, 'renovate/') &&
      contains(github.event.pull_request.labels.*.name, 'renovate') &&
      contains(github.event.pull_request.labels.*.name, 'outdated-lockfile') &&
      github.event.pull_request.user.login == 'renovate[bot]'
    runs-on: ubuntu-latest
    permissions:
      contents: write
      packages: write
      checks: read
    steps:
      - name: Checkout
        uses: actions/checkout@11bd71901bbe5b1630ceea73d27597364c9af683 # v4
        with:
          ref: ${{ github.head_ref }}
          token: ${{ secrets.SPOON_TOOL_GH_TOKEN }}

      - name: Setup node & pnpm version
        uses: ./.github/actions/setup-node-pnpm

      - name: Install Dependencies
        continue-on-error: true
        run: |
          pnpm i --frozen-lockfile

      - name: Update pnpm-lock.yaml
        run: |
          pnpm i --recursive --lockfile-only --ignore-scripts --ignore-pnpmfile
          pnpm dedupe --config.ignore-scripts=true

      - name: Showing current status
        run: |
          git status

      - name: Stage changes
        id: stage_changes
        continue-on-error: true
        run: |
          git add -N . # 新規ファイルを含める
          if ! git diff --exit-code --quiet
            echo "lockfile_changed=false" >> $GITHUB_OUTPUT
          then
            git config user.name renovate[bot]
            git config user.email 29139614+renovate[bot]@users.noreply.github.com
            git add .
            git commit -m '⬆️ sync pnpm-lock.yaml due to renovate change'
            echo "lockfile_changed=true" >> $GITHUB_OUTPUT
          fi

      - name: Wait for PR checks
        if: ${{ steps.stage_changes.outputs.lockfile_changed == 'true' }}
        continue-on-error: true
        uses: ./.github/actions/wait-for-pr-check
        with:
          pr-number: ${{ github.event.pull_request.number }}
        env:
          GH_TOKEN: ${{ secrets.SPOON_TOOL_GH_TOKEN }}

      - name: Pushing new commit
        if: ${{ steps.stage_changes.outputs.lockfile_changed == 'true' }}
        continue-on-error: true
        run: |
          git push
