name: Sync pnpm-lock.yaml

on:
  pull_request:
    paths:
      - "pnpm-workspace.yaml"
    types:
      - opened
      - synchronize
      - reopened
      - labeled

env:
  RENOVATE_TESTER_DIRECTORY: tools/renovate-tester

jobs:
  sync:
    if: >-
      startsWith(github.head_ref, 'renovate/') &&
      contains(github.event.pull_request.labels.*.name, 'renovate') &&
      contains(github.event.pull_request.labels.*.name, 'outdated-lockfile') &&
      github.event.pull_request.user.login == 'renovate[bot]'
    runs-on: ubuntu-latest
    permissions:
      contents: write
      packages: write
    steps:
      - name: Checkout
        uses: actions/checkout@11bd71901bbe5b1630ceea73d27597364c9af683 # v4
        with:
          ref: ${{ github.head_ref }}

      - name: Setup node & pnpm version
        uses: ./.github/actions/setup-node-pnpm

      - name: Install Dependencies
        continue-on-error: true
        run: |
          pnpm i --frozen-lockfile

      - name: Update pnpm-lock.yaml
        run: |
          pnpm i --fix-lockfile

      - name: Showing current status
        run: |
          git status

      - name: Stage changes
        continue-on-error: true
        run: |
          git add -N . # 新規ファイルを含める
          if ! git diff --exit-code --quiet
          then
            git config user.name github-actions
            git config user.email github-actions@github.com
            git add .
            git commit -m '⬆️ sync pnpm-lock.yaml due to renovate change'
            git push
          fi

      - name: Pushing new commit
        continue-on-error: true
        run: |
          git push origin
